{
  "name": "antV",
  "version": "1.0.0",
  "lockfileVersion": 1,
  "requires": true,
  "dependencies": {
    "@antv/g6": {
      "version": "1.2.8",
      "resolved": "https://registry.npmjs.org/@antv/g6/-/g6-1.2.8.tgz",
      "integrity": "sha512-lBa0qYU50Dsx/98lHs5f718VJpI6+5krmhScylluRt9B5Eh9hXb0YGQJLioqdDN+yqW+ojhw/zf5JrgUTtx5mw=="
    }
  }
}
